{
    "_readme": [
        "This file locks the dependencies of your project to a known state",
        "Read more about it at https://getcomposer.org/doc/01-basic-usage.md#installing-dependencies",
        "This file is @generated automatically"
    ],
    "content-hash": "3a5d815fa6ba4c29c0851ebd17295889",
    "packages": [
        {
            "name": "gabordemooij/redbean",
            "version": "dev-master",
            "source": {
                "type": "git",
                "url": "https://github.com/gabordemooij/redbean.git",
                "reference": "bcfde2f088a949967353796e8bb5a983764308df"
            },
            "dist": {
                "type": "zip",
                "url": "https://api.github.com/repos/gabordemooij/redbean/zipball/bcfde2f088a949967353796e8bb5a983764308df",
                "reference": "bcfde2f088a949967353796e8bb5a983764308df",
                "shasum": ""
            },
            "require": {
                "php": ">=5.3.4"
            },
            "type": "library",
            "autoload": {
                "psr-4": {
                    "RedBeanPHP\\": "RedBeanPHP"
                }
            },
            "notification-url": "https://packagist.org/downloads/",
            "license": [
                "BSD-3-Clause"
            ],
            "authors": [
                {
                    "name": "Gabor de Mooij",
                    "email": "gabor@redbeanphp.com",
                    "homepage": "https://redbeanphp.com"
                }
            ],
            "description": "RedBeanPHP ORM",
            "homepage": "https://redbeanphp.com/",
            "keywords": [
                "orm"
            ],
            "time": "2019-07-29T06:24:43+00:00"
        },
        {
            "name": "monarkhov/telebot",
            "version": "dev-dev",
            "source": {
                "type": "git",
                "url": "https://github.com/monarkhov/Telebot.git",
                "reference": "702810abb5ec076bfe0fbe168954b00cf1724663"
            },
            "dist": {
                "type": "zip",
                "url": "https://api.github.com/repos/monarkhov/Telebot/zipball/702810abb5ec076bfe0fbe168954b00cf1724663",
                "reference": "702810abb5ec076bfe0fbe168954b00cf1724663",
                "shasum": ""
            },
            "require": {
                "gabordemooij/redbean": "dev-master",
                "php": ">=7.1.0"
            },
            "type": "library",
            "autoload": {
                "psr-4": {
                    "Telebot\\": "src"
                }
            },
            "notification-url": "https://packagist.org/downloads/",
            "license": [
                "MIT"
            ],
            "authors": [
                {
                    "name": "Askold Monarkhov",
                    "email": "askold.monarkhov@gmail.com"
                }
            ],
            "description": "Telebot Framework",
            "keywords": [
                "audio",
                "bot",
                "files",
                "php",
                "stickers",
                "telebot",
                "telegram",
                "video"
            ],
            "time": "2019-01-31T22:48:32+00:00"
        }
    ],
    "packages-dev": [],
    "aliases": [],
    "minimum-stability": "dev",
    "stability-flags": {
        "monarkhov/telebot": 20
    },
    "prefer-stable": false,
    "prefer-lowest": false,
    "platform": [],
    "platform-dev": []
}
